
Microsoft Visual Studio Solution File, Format Version 12.00
# Visual Studio 2017
Project("{FAE04EC0-301F-11D3-BF4B-00C04F79EFBC}") = "Unity_Fish_Test", "Unity_Fish_Test.csproj", "{3970C9EB-C99F-A8E8-2CE7-EE52235FD438}"
EndProject
Project("{FAE04EC0-301F-11D3-BF4B-00C04F79EFBC}") = "Unity_Fish_Test.Editor", "Unity_Fish_Test.Editor.csproj", "{0B643F75-59FF-0DB6-A1DF-D6259AE3E6B9}"
EndProject
Global
	GlobalSection(SolutionConfigurationPlatforms) = preSolution
		Debug|Any CPU = Debug|Any CPU
		Release|Any CPU = Release|Any CPU
	EndGlobalSection
	GlobalSection(ProjectConfigurationPlatforms) = postSolution
		{3970C9EB-C99F-A8E8-2CE7-EE52235FD438}.Debug|Any CPU.ActiveCfg = Debug|Any CPU
		{3970C9EB-C99F-A8E8-2CE7-EE52235FD438}.Debug|Any CPU.Build.0 = Debug|Any CPU
		{3970C9EB-C99F-A8E8-2CE7-EE52235FD438}.Release|Any CPU.ActiveCfg = Release|Any CPU
		{3970C9EB-C99F-A8E8-2CE7-EE52235FD438}.Release|Any CPU.Build.0 = Release|Any CPU
		{0B643F75-59FF-0DB6-A1DF-D6259AE3E6B9}.Debug|Any CPU.ActiveCfg = Debug|Any CPU
		{0B643F75-59FF-0DB6-A1DF-D6259AE3E6B9}.Debug|Any CPU.Build.0 = Debug|Any CPU
		{0B643F75-59FF-0DB6-A1DF-D6259AE3E6B9}.Release|Any CPU.ActiveCfg = Release|Any CPU
		{0B643F75-59FF-0DB6-A1DF-D6259AE3E6B9}.Release|Any CPU.Build.0 = Release|Any CPU
	EndGlobalSection
	GlobalSection(SolutionProperties) = preSolution
		HideSolutionNode = FALSE
	EndGlobalSection
EndGlobal
